
Microsoft Visual Studio Solution File, Format Version 12.00
# Visual Studio Version 17
VisualStudioVersion = 17.9.34728.123
MinimumVisualStudioVersion = 10.0.40219.1
Project("{9A19103F-16F7-4668-BE54-9A1E7A4F7556}") = "ClothingStore.Domain", "src\ClothingStore.Domain\ClothingStore.Domain.csproj", "{554AD327-6DBA-4F8F-96F8-81CE7A0C863F}"
EndProject
Project("{9A19103F-16F7-4668-BE54-9A1E7A4F7556}") = "ClothingStore.Application", "src\ClothingStore.Application\ClothingStore.Application.csproj", "{1A94A50E-06DC-43C1-80B5-B662820EC3EB}"
EndProject
Project("{9A19103F-16F7-4668-BE54-9A1E7A4F7556}") = "ClothingStore.EntityFrameworkCore", "src\ClothingStore.EntityFrameworkCore\ClothingStore.EntityFrameworkCore.csproj", "{C956DD76-69C8-4A9C-83EA-D17DF83340FD}"
EndProject
Project("{2150E333-8FDC-42A3-9474-1A3956D46DE8}") = "src", "src", "{CA9AC87F-097E-4F15-8393-4BC07735A5B0}"
EndProject
Project("{2150E333-8FDC-42A3-9474-1A3956D46DE8}") = "test", "test", "{04DBDB01-70F4-4E06-B468-8F87850B22BE}"
EndProject
Project("{9A19103F-16F7-4668-BE54-9A1E7A4F7556}") = "ClothingStore.Application.Tests", "test\ClothingStore.Application.Tests\ClothingStore.Application.Tests.csproj", "{50B2631D-129C-47B3-A587-029CCD6099BC}"
EndProject
Project("{9A19103F-16F7-4668-BE54-9A1E7A4F7556}") = "ClothingStore.Domain.Shared", "src\ClothingStore.Domain.Shared\ClothingStore.Domain.Shared.csproj", "{42F719ED-8413-4895-B5B4-5AB56079BC66}"
EndProject
Project("{9A19103F-16F7-4668-BE54-9A1E7A4F7556}") = "ClothingStore.Application.Contracts", "src\ClothingStore.Application.Contracts\ClothingStore.Application.Contracts.csproj", "{520659C8-C734-4298-A3DA-B539DB9DFC0B}"
EndProject
Project("{9A19103F-16F7-4668-BE54-9A1E7A4F7556}") = "ClothingStore.HttpApi", "src\ClothingStore.HttpApi\ClothingStore.HttpApi.csproj", "{4164BDF7-F527-4E85-9CE6-E3C2D7426A27}"
EndProject
Project("{9A19103F-16F7-4668-BE54-9A1E7A4F7556}") = "ClothingStore.HttpApi.Client", "src\ClothingStore.HttpApi.Client\ClothingStore.HttpApi.Client.csproj", "{3B5A0094-670D-4BB1-BFDD-61B88A8773DC}"
EndProject
Project("{9A19103F-16F7-4668-BE54-9A1E7A4F7556}") = "ClothingStore.AuthServer", "src\ClothingStore.AuthServer\ClothingStore.AuthServer.csproj", "{073C361E-B8F4-49F5-93CC-72A3FF49C026}"
EndProject
Project("{9A19103F-16F7-4668-BE54-9A1E7A4F7556}") = "ClothingStore.HttpApi.Host", "src\ClothingStore.HttpApi.Host\ClothingStore.HttpApi.Host.csproj", "{E6D5BF0E-DE92-4D82-A352-EF04B37CB11C}"
EndProject
Project("{9A19103F-16F7-4668-BE54-9A1E7A4F7556}") = "ClothingStore.EntityFrameworkCore.Tests", "test\ClothingStore.EntityFrameworkCore.Tests\ClothingStore.EntityFrameworkCore.Tests.csproj", "{1FE30EB9-74A9-47F5-A9F6-7B1FAB672D81}"
EndProject
Project("{9A19103F-16F7-4668-BE54-9A1E7A4F7556}") = "ClothingStore.TestBase", "test\ClothingStore.TestBase\ClothingStore.TestBase.csproj", "{91853F21-9CD9-4132-BC29-A7D5D84FFFE7}"
EndProject
Project("{9A19103F-16F7-4668-BE54-9A1E7A4F7556}") = "ClothingStore.Domain.Tests", "test\ClothingStore.Domain.Tests\ClothingStore.Domain.Tests.csproj", "{E512F4D9-9375-480F-A2F6-A46509F9D824}"
EndProject
Project("{9A19103F-16F7-4668-BE54-9A1E7A4F7556}") = "ClothingStore.HttpApi.Client.ConsoleTestApp", "test\ClothingStore.HttpApi.Client.ConsoleTestApp\ClothingStore.HttpApi.Client.ConsoleTestApp.csproj", "{EF480016-9127-4916-8735-D2466BDBC582}"
EndProject
Project("{9A19103F-16F7-4668-BE54-9A1E7A4F7556}") = "ClothingStore.DbMigrator", "src\ClothingStore.DbMigrator\ClothingStore.DbMigrator.csproj", "{AA94D832-1CCC-4715-95A9-A483F23A1A5D}"
EndProject
Project("{2150E333-8FDC-42A3-9474-1A3956D46DE8}") = "admin", "admin", "{1A005D6A-8E51-4625-9313-EE72156C2C36}"
EndProject
Project("{2150E333-8FDC-42A3-9474-1A3956D46DE8}") = "common", "common", "{E828156E-ECE0-4824-9056-84D7407FDE1B}"
EndProject
Project("{2150E333-8FDC-42A3-9474-1A3956D46DE8}") = "identity", "identity", "{ED1212FC-2F40-4300-855F-7289FBA606A9}"
EndProject
Project("{2150E333-8FDC-42A3-9474-1A3956D46DE8}") = "domain", "domain", "{5BA4FCA5-DB35-4973-9707-3A024DF38924}"
EndProject
Project("{2150E333-8FDC-42A3-9474-1A3956D46DE8}") = "infrastructure", "infrastructure", "{91D7A082-4834-4CC5-BDE6-B4BE669F32F1}"
EndProject
Project("{2150E333-8FDC-42A3-9474-1A3956D46DE8}") = "web", "web", "{B7306D77-E641-4649-B7FD-88A81F0B80AD}"
EndProject
Project("{9A19103F-16F7-4668-BE54-9A1E7A4F7556}") = "ClothingStore.Admin.Application", "src\ClothingStore.Admin.Application\ClothingStore.Admin.Application.csproj", "{4358102E-4C1E-4F5B-AA75-E9467D9E4F78}"
EndProject
Project("{9A19103F-16F7-4668-BE54-9A1E7A4F7556}") = "ClothingStore.Admin.Application.Contracts", "src\ClothingStore.Admin.Application.Contracts\ClothingStore.Admin.Application.Contracts.csproj", "{15861746-FA9E-4A2A-A718-29055C3D60F5}"
EndProject
Project("{9A19103F-16F7-4668-BE54-9A1E7A4F7556}") = "ClothingStore.Admin.HttpApi", "src\ClothingStore.Admin.HttpApi\ClothingStore.Admin.HttpApi.csproj", "{34BC78A7-26CC-40AC-A7C1-A7D2A5822069}"
EndProject
Project("{9A19103F-16F7-4668-BE54-9A1E7A4F7556}") = "ClothingStore.Admin.HttpApi.Client", "src\ClothingStore.Admin.HttpApi.Client\ClothingStore.Admin.HttpApi.Client.csproj", "{9D8670DA-55DF-437C-89B1-7280CBBE8596}"
EndProject
Project("{9A19103F-16F7-4668-BE54-9A1E7A4F7556}") = "ClothingStore.Admin.HttpApi.Host", "src\ClothingStore.Admin.HttpApi.Host\ClothingStore.Admin.HttpApi.Host.csproj", "{C2813ED6-B659-4E78-8D12-940F17EA07B7}"
EndProject
Project("{2150E333-8FDC-42A3-9474-1A3956D46DE8}") = "admin", "admin", "{2AE72C8D-F886-4F3C-A318-CA726CAA765E}"
EndProject
Project("{9A19103F-16F7-4668-BE54-9A1E7A4F7556}") = "ClothingStore.Admin.Application.Tests", "test\ClothingStore.Admin.Application.Tests\ClothingStore.Admin.Application.Tests.csproj", "{E8AE187C-7F61-49D5-A2C1-2A53EAA0446B}"
EndProject
Project("{9A19103F-16F7-4668-BE54-9A1E7A4F7556}") = "ClothingStore.Admin.HttpApi.Client.ConsoleTestApp", "test\ClothingStore.Admin.HttpApi.Client.ConsoleTestApp\ClothingStore.Admin.HttpApi.Client.ConsoleTestApp.csproj", "{BD52824F-9AD1-4A17-9319-01AE2C22B210}"
EndProject
Project("{2150E333-8FDC-42A3-9474-1A3956D46DE8}") = "public", "public", "{6FEAA957-AA68-4399-BE2D-9C802593CA54}"
EndProject
Project("{2150E333-8FDC-42A3-9474-1A3956D46DE8}") = "shared", "shared", "{EE4D1179-705F-40C2-B0A7-372A97FB6F37}"
EndProject
Global
	GlobalSection(SolutionConfigurationPlatforms) = preSolution
		Debug|Any CPU = Debug|Any CPU
		Release|Any CPU = Release|Any CPU
	EndGlobalSection
	GlobalSection(ProjectConfigurationPlatforms) = postSolution
		{554AD327-6DBA-4F8F-96F8-81CE7A0C863F}.Debug|Any CPU.ActiveCfg = Debug|Any CPU
		{554AD327-6DBA-4F8F-96F8-81CE7A0C863F}.Debug|Any CPU.Build.0 = Debug|Any CPU
		{554AD327-6DBA-4F8F-96F8-81CE7A0C863F}.Release|Any CPU.ActiveCfg = Release|Any CPU
		{554AD327-6DBA-4F8F-96F8-81CE7A0C863F}.Release|Any CPU.Build.0 = Release|Any CPU
		{1A94A50E-06DC-43C1-80B5-B662820EC3EB}.Debug|Any CPU.ActiveCfg = Debug|Any CPU
		{1A94A50E-06DC-43C1-80B5-B662820EC3EB}.Debug|Any CPU.Build.0 = Debug|Any CPU
		{1A94A50E-06DC-43C1-80B5-B662820EC3EB}.Release|Any CPU.ActiveCfg = Release|Any CPU
		{1A94A50E-06DC-43C1-80B5-B662820EC3EB}.Release|Any CPU.Build.0 = Release|Any CPU
		{C956DD76-69C8-4A9C-83EA-D17DF83340FD}.Debug|Any CPU.ActiveCfg = Debug|Any CPU
		{C956DD76-69C8-4A9C-83EA-D17DF83340FD}.Debug|Any CPU.Build.0 = Debug|Any CPU
		{C956DD76-69C8-4A9C-83EA-D17DF83340FD}.Release|Any CPU.ActiveCfg = Release|Any CPU
		{C956DD76-69C8-4A9C-83EA-D17DF83340FD}.Release|Any CPU.Build.0 = Release|Any CPU
		{50B2631D-129C-47B3-A587-029CCD6099BC}.Debug|Any CPU.ActiveCfg = Debug|Any CPU
		{50B2631D-129C-47B3-A587-029CCD6099BC}.Debug|Any CPU.Build.0 = Debug|Any CPU
		{50B2631D-129C-47B3-A587-029CCD6099BC}.Release|Any CPU.ActiveCfg = Release|Any CPU
		{50B2631D-129C-47B3-A587-029CCD6099BC}.Release|Any CPU.Build.0 = Release|Any CPU
		{42F719ED-8413-4895-B5B4-5AB56079BC66}.Debug|Any CPU.ActiveCfg = Debug|Any CPU
		{42F719ED-8413-4895-B5B4-5AB56079BC66}.Debug|Any CPU.Build.0 = Debug|Any CPU
		{42F719ED-8413-4895-B5B4-5AB56079BC66}.Release|Any CPU.ActiveCfg = Release|Any CPU
		{42F719ED-8413-4895-B5B4-5AB56079BC66}.Release|Any CPU.Build.0 = Release|Any CPU
		{520659C8-C734-4298-A3DA-B539DB9DFC0B}.Debug|Any CPU.ActiveCfg = Debug|Any CPU
		{520659C8-C734-4298-A3DA-B539DB9DFC0B}.Debug|Any CPU.Build.0 = Debug|Any CPU
		{520659C8-C734-4298-A3DA-B539DB9DFC0B}.Release|Any CPU.ActiveCfg = Release|Any CPU
		{520659C8-C734-4298-A3DA-B539DB9DFC0B}.Release|Any CPU.Build.0 = Release|Any CPU
		{4164BDF7-F527-4E85-9CE6-E3C2D7426A27}.Debug|Any CPU.ActiveCfg = Debug|Any CPU
		{4164BDF7-F527-4E85-9CE6-E3C2D7426A27}.Debug|Any CPU.Build.0 = Debug|Any CPU
		{4164BDF7-F527-4E85-9CE6-E3C2D7426A27}.Release|Any CPU.ActiveCfg = Release|Any CPU
		{4164BDF7-F527-4E85-9CE6-E3C2D7426A27}.Release|Any CPU.Build.0 = Release|Any CPU
		{3B5A0094-670D-4BB1-BFDD-61B88A8773DC}.Debug|Any CPU.ActiveCfg = Debug|Any CPU
		{3B5A0094-670D-4BB1-BFDD-61B88A8773DC}.Debug|Any CPU.Build.0 = Debug|Any CPU
		{3B5A0094-670D-4BB1-BFDD-61B88A8773DC}.Release|Any CPU.ActiveCfg = Release|Any CPU
		{3B5A0094-670D-4BB1-BFDD-61B88A8773DC}.Release|Any CPU.Build.0 = Release|Any CPU
		{073C361E-B8F4-49F5-93CC-72A3FF49C026}.Debug|Any CPU.ActiveCfg = Debug|Any CPU
		{073C361E-B8F4-49F5-93CC-72A3FF49C026}.Debug|Any CPU.Build.0 = Debug|Any CPU
		{073C361E-B8F4-49F5-93CC-72A3FF49C026}.Release|Any CPU.ActiveCfg = Release|Any CPU
		{073C361E-B8F4-49F5-93CC-72A3FF49C026}.Release|Any CPU.Build.0 = Release|Any CPU
		{E6D5BF0E-DE92-4D82-A352-EF04B37CB11C}.Debug|Any CPU.ActiveCfg = Debug|Any CPU
		{E6D5BF0E-DE92-4D82-A352-EF04B37CB11C}.Debug|Any CPU.Build.0 = Debug|Any CPU
		{E6D5BF0E-DE92-4D82-A352-EF04B37CB11C}.Release|Any CPU.ActiveCfg = Release|Any CPU
		{E6D5BF0E-DE92-4D82-A352-EF04B37CB11C}.Release|Any CPU.Build.0 = Release|Any CPU
		{1FE30EB9-74A9-47F5-A9F6-7B1FAB672D81}.Debug|Any CPU.ActiveCfg = Debug|Any CPU
		{1FE30EB9-74A9-47F5-A9F6-7B1FAB672D81}.Debug|Any CPU.Build.0 = Debug|Any CPU
		{1FE30EB9-74A9-47F5-A9F6-7B1FAB672D81}.Release|Any CPU.ActiveCfg = Release|Any CPU
		{1FE30EB9-74A9-47F5-A9F6-7B1FAB672D81}.Release|Any CPU.Build.0 = Release|Any CPU
		{91853F21-9CD9-4132-BC29-A7D5D84FFFE7}.Debug|Any CPU.ActiveCfg = Debug|Any CPU
		{91853F21-9CD9-4132-BC29-A7D5D84FFFE7}.Debug|Any CPU.Build.0 = Debug|Any CPU
		{91853F21-9CD9-4132-BC29-A7D5D84FFFE7}.Release|Any CPU.ActiveCfg = Release|Any CPU
		{91853F21-9CD9-4132-BC29-A7D5D84FFFE7}.Release|Any CPU.Build.0 = Release|Any CPU
		{E512F4D9-9375-480F-A2F6-A46509F9D824}.Debug|Any CPU.ActiveCfg = Debug|Any CPU
		{E512F4D9-9375-480F-A2F6-A46509F9D824}.Debug|Any CPU.Build.0 = Debug|Any CPU
		{E512F4D9-9375-480F-A2F6-A46509F9D824}.Release|Any CPU.ActiveCfg = Release|Any CPU
		{E512F4D9-9375-480F-A2F6-A46509F9D824}.Release|Any CPU.Build.0 = Release|Any CPU
		{EF480016-9127-4916-8735-D2466BDBC582}.Debug|Any CPU.ActiveCfg = Debug|Any CPU
		{EF480016-9127-4916-8735-D2466BDBC582}.Debug|Any CPU.Build.0 = Debug|Any CPU
		{EF480016-9127-4916-8735-D2466BDBC582}.Release|Any CPU.ActiveCfg = Release|Any CPU
		{EF480016-9127-4916-8735-D2466BDBC582}.Release|Any CPU.Build.0 = Release|Any CPU
		{AA94D832-1CCC-4715-95A9-A483F23A1A5D}.Debug|Any CPU.ActiveCfg = Debug|Any CPU
		{AA94D832-1CCC-4715-95A9-A483F23A1A5D}.Debug|Any CPU.Build.0 = Debug|Any CPU
		{AA94D832-1CCC-4715-95A9-A483F23A1A5D}.Release|Any CPU.ActiveCfg = Release|Any CPU
		{AA94D832-1CCC-4715-95A9-A483F23A1A5D}.Release|Any CPU.Build.0 = Release|Any CPU
		{4358102E-4C1E-4F5B-AA75-E9467D9E4F78}.Debug|Any CPU.ActiveCfg = Debug|Any CPU
		{4358102E-4C1E-4F5B-AA75-E9467D9E4F78}.Debug|Any CPU.Build.0 = Debug|Any CPU
		{4358102E-4C1E-4F5B-AA75-E9467D9E4F78}.Release|Any CPU.ActiveCfg = Release|Any CPU
		{4358102E-4C1E-4F5B-AA75-E9467D9E4F78}.Release|Any CPU.Build.0 = Release|Any CPU
		{15861746-FA9E-4A2A-A718-29055C3D60F5}.Debug|Any CPU.ActiveCfg = Debug|Any CPU
		{15861746-FA9E-4A2A-A718-29055C3D60F5}.Debug|Any CPU.Build.0 = Debug|Any CPU
		{15861746-FA9E-4A2A-A718-29055C3D60F5}.Release|Any CPU.ActiveCfg = Release|Any CPU
		{15861746-FA9E-4A2A-A718-29055C3D60F5}.Release|Any CPU.Build.0 = Release|Any CPU
		{34BC78A7-26CC-40AC-A7C1-A7D2A5822069}.Debug|Any CPU.ActiveCfg = Debug|Any CPU
		{34BC78A7-26CC-40AC-A7C1-A7D2A5822069}.Debug|Any CPU.Build.0 = Debug|Any CPU
		{34BC78A7-26CC-40AC-A7C1-A7D2A5822069}.Release|Any CPU.ActiveCfg = Release|Any CPU
		{34BC78A7-26CC-40AC-A7C1-A7D2A5822069}.Release|Any CPU.Build.0 = Release|Any CPU
		{9D8670DA-55DF-437C-89B1-7280CBBE8596}.Debug|Any CPU.ActiveCfg = Debug|Any CPU
		{9D8670DA-55DF-437C-89B1-7280CBBE8596}.Debug|Any CPU.Build.0 = Debug|Any CPU
		{9D8670DA-55DF-437C-89B1-7280CBBE8596}.Release|Any CPU.ActiveCfg = Release|Any CPU
		{9D8670DA-55DF-437C-89B1-7280CBBE8596}.Release|Any CPU.Build.0 = Release|Any CPU
		{C2813ED6-B659-4E78-8D12-940F17EA07B7}.Debug|Any CPU.ActiveCfg = Debug|Any CPU
		{C2813ED6-B659-4E78-8D12-940F17EA07B7}.Debug|Any CPU.Build.0 = Debug|Any CPU
		{C2813ED6-B659-4E78-8D12-940F17EA07B7}.Release|Any CPU.ActiveCfg = Release|Any CPU
		{C2813ED6-B659-4E78-8D12-940F17EA07B7}.Release|Any CPU.Build.0 = Release|Any CPU
		{E8AE187C-7F61-49D5-A2C1-2A53EAA0446B}.Debug|Any CPU.ActiveCfg = Debug|Any CPU
		{E8AE187C-7F61-49D5-A2C1-2A53EAA0446B}.Debug|Any CPU.Build.0 = Debug|Any CPU
		{E8AE187C-7F61-49D5-A2C1-2A53EAA0446B}.Release|Any CPU.ActiveCfg = Release|Any CPU
		{E8AE187C-7F61-49D5-A2C1-2A53EAA0446B}.Release|Any CPU.Build.0 = Release|Any CPU
		{BD52824F-9AD1-4A17-9319-01AE2C22B210}.Debug|Any CPU.ActiveCfg = Debug|Any CPU
		{BD52824F-9AD1-4A17-9319-01AE2C22B210}.Debug|Any CPU.Build.0 = Debug|Any CPU
		{BD52824F-9AD1-4A17-9319-01AE2C22B210}.Release|Any CPU.ActiveCfg = Release|Any CPU
		{BD52824F-9AD1-4A17-9319-01AE2C22B210}.Release|Any CPU.Build.0 = Release|Any CPU
	EndGlobalSection
	GlobalSection(SolutionProperties) = preSolution
		HideSolutionNode = FALSE
	EndGlobalSection
	GlobalSection(NestedProjects) = preSolution
		{554AD327-6DBA-4F8F-96F8-81CE7A0C863F} = {5BA4FCA5-DB35-4973-9707-3A024DF38924}
		{1A94A50E-06DC-43C1-80B5-B662820EC3EB} = {B7306D77-E641-4649-B7FD-88A81F0B80AD}
		{C956DD76-69C8-4A9C-83EA-D17DF83340FD} = {91D7A082-4834-4CC5-BDE6-B4BE669F32F1}
		{50B2631D-129C-47B3-A587-029CCD6099BC} = {6FEAA957-AA68-4399-BE2D-9C802593CA54}
		{42F719ED-8413-4895-B5B4-5AB56079BC66} = {5BA4FCA5-DB35-4973-9707-3A024DF38924}
		{520659C8-C734-4298-A3DA-B539DB9DFC0B} = {B7306D77-E641-4649-B7FD-88A81F0B80AD}
		{4164BDF7-F527-4E85-9CE6-E3C2D7426A27} = {B7306D77-E641-4649-B7FD-88A81F0B80AD}
		{3B5A0094-670D-4BB1-BFDD-61B88A8773DC} = {B7306D77-E641-4649-B7FD-88A81F0B80AD}
		{073C361E-B8F4-49F5-93CC-72A3FF49C026} = {ED1212FC-2F40-4300-855F-7289FBA606A9}
		{E6D5BF0E-DE92-4D82-A352-EF04B37CB11C} = {B7306D77-E641-4649-B7FD-88A81F0B80AD}
		{1FE30EB9-74A9-47F5-A9F6-7B1FAB672D81} = {EE4D1179-705F-40C2-B0A7-372A97FB6F37}
		{91853F21-9CD9-4132-BC29-A7D5D84FFFE7} = {EE4D1179-705F-40C2-B0A7-372A97FB6F37}
		{E512F4D9-9375-480F-A2F6-A46509F9D824} = {EE4D1179-705F-40C2-B0A7-372A97FB6F37}
		{EF480016-9127-4916-8735-D2466BDBC582} = {6FEAA957-AA68-4399-BE2D-9C802593CA54}
		{AA94D832-1CCC-4715-95A9-A483F23A1A5D} = {91D7A082-4834-4CC5-BDE6-B4BE669F32F1}
		{1A005D6A-8E51-4625-9313-EE72156C2C36} = {CA9AC87F-097E-4F15-8393-4BC07735A5B0}
		{E828156E-ECE0-4824-9056-84D7407FDE1B} = {CA9AC87F-097E-4F15-8393-4BC07735A5B0}
		{ED1212FC-2F40-4300-855F-7289FBA606A9} = {CA9AC87F-097E-4F15-8393-4BC07735A5B0}
		{5BA4FCA5-DB35-4973-9707-3A024DF38924} = {E828156E-ECE0-4824-9056-84D7407FDE1B}
		{91D7A082-4834-4CC5-BDE6-B4BE669F32F1} = {E828156E-ECE0-4824-9056-84D7407FDE1B}
		{B7306D77-E641-4649-B7FD-88A81F0B80AD} = {CA9AC87F-097E-4F15-8393-4BC07735A5B0}
		{4358102E-4C1E-4F5B-AA75-E9467D9E4F78} = {1A005D6A-8E51-4625-9313-EE72156C2C36}
		{15861746-FA9E-4A2A-A718-29055C3D60F5} = {1A005D6A-8E51-4625-9313-EE72156C2C36}
		{34BC78A7-26CC-40AC-A7C1-A7D2A5822069} = {1A005D6A-8E51-4625-9313-EE72156C2C36}
		{9D8670DA-55DF-437C-89B1-7280CBBE8596} = {1A005D6A-8E51-4625-9313-EE72156C2C36}
		{C2813ED6-B659-4E78-8D12-940F17EA07B7} = {1A005D6A-8E51-4625-9313-EE72156C2C36}
		{2AE72C8D-F886-4F3C-A318-CA726CAA765E} = {04DBDB01-70F4-4E06-B468-8F87850B22BE}
		{E8AE187C-7F61-49D5-A2C1-2A53EAA0446B} = {2AE72C8D-F886-4F3C-A318-CA726CAA765E}
		{BD52824F-9AD1-4A17-9319-01AE2C22B210} = {2AE72C8D-F886-4F3C-A318-CA726CAA765E}
		{6FEAA957-AA68-4399-BE2D-9C802593CA54} = {04DBDB01-70F4-4E06-B468-8F87850B22BE}
		{EE4D1179-705F-40C2-B0A7-372A97FB6F37} = {04DBDB01-70F4-4E06-B468-8F87850B22BE}
	EndGlobalSection
	GlobalSection(ExtensibilityGlobals) = postSolution
		SolutionGuid = {28315BFD-90E7-4E14-A2EA-F3D23AF4126F}
	EndGlobalSection
EndGlobal
